
Microsoft Visual Studio Solution File, Format Version 12.00
# Visual Studio Version 17
VisualStudioVersion = 17.5.33530.505
MinimumVisualStudioVersion = 10.0.40219.1
Project("{FAE04EC0-301F-11D3-BF4B-00C04F79EFBC}") = "windows_programing_curriculum_design", "windows_programing_curriculum_design\windows_programing_curriculum_design.csproj", "{27CFBB67-670B-4379-BB1B-92544473F0F6}"
EndProject
Global
	GlobalSection(SolutionConfigurationPlatforms) = preSolution
		Debug|Any CPU = Debug|Any CPU
		Release|Any CPU = Release|Any CPU
	EndGlobalSection
	GlobalSection(ProjectConfigurationPlatforms) = postSolution
		{27CFBB67-670B-4379-BB1B-92544473F0F6}.Debug|Any CPU.ActiveCfg = Debug|Any CPU
		{27CFBB67-670B-4379-BB1B-92544473F0F6}.Debug|Any CPU.Build.0 = Debug|Any CPU
		{27CFBB67-670B-4379-BB1B-92544473F0F6}.Release|Any CPU.ActiveCfg = Release|Any CPU
		{27CFBB67-670B-4379-BB1B-92544473F0F6}.Release|Any CPU.Build.0 = Release|Any CPU
	EndGlobalSection
	GlobalSection(SolutionProperties) = preSolution
		HideSolutionNode = FALSE
	EndGlobalSection
	GlobalSection(ExtensibilityGlobals) = postSolution
		SolutionGuid = {C5F61A8D-E820-45DF-AD67-FAE72B5F2D01}
	EndGlobalSection
EndGlobal
